
Microsoft Visual Studio Solution File, Format Version 12.00
# Visual Studio Version 17
VisualStudioVersion = 17.4.33205.214
MinimumVisualStudioVersion = 10.0.40219.1
Project("{FAE04EC0-301F-11D3-BF4B-00C04F79EFBC}") = "CityInfo.API", "CityInfo.API\CityInfo.API.csproj", "{6419E7BD-2251-4CAA-AEF9-759E2CC6DE3A}"
EndProject
Global
	GlobalSection(SolutionConfigurationPlatforms) = preSolution
		Debug|Any CPU = Debug|Any CPU
		Release|Any CPU = Release|Any CPU
	EndGlobalSection
	GlobalSection(ProjectConfigurationPlatforms) = postSolution
		{6419E7BD-2251-4CAA-AEF9-759E2CC6DE3A}.Debug|Any CPU.ActiveCfg = Debug|Any CPU
		{6419E7BD-2251-4CAA-AEF9-759E2CC6DE3A}.Debug|Any CPU.Build.0 = Debug|Any CPU
		{6419E7BD-2251-4CAA-AEF9-759E2CC6DE3A}.Release|Any CPU.ActiveCfg = Release|Any CPU
		{6419E7BD-2251-4CAA-AEF9-759E2CC6DE3A}.Release|Any CPU.Build.0 = Release|Any CPU
	EndGlobalSection
	GlobalSection(SolutionProperties) = preSolution
		HideSolutionNode = FALSE
	EndGlobalSection
	GlobalSection(ExtensibilityGlobals) = postSolution
		SolutionGuid = {8FA1D6FC-E391-4E16-BE0E-CB0C756A7C0F}
	EndGlobalSection
EndGlobal
